
Microsoft Visual Studio Solution File, Format Version 12.00
# Visual Studio Version 17
VisualStudioVersion = 17.14.36310.24 d17.14
MinimumVisualStudioVersion = 10.0.40219.1
Project("{FAE04EC0-301F-11D3-BF4B-00C04F79EFBC}") = "ConsoleApp27", "ConsoleApp27\ConsoleApp27.csproj", "{342D2776-0913-4C51-814D-A14F362BB640}"
EndProject
Global
	GlobalSection(SolutionConfigurationPlatforms) = preSolution
		Debug|Any CPU = Debug|Any CPU
		Release|Any CPU = Release|Any CPU
	EndGlobalSection
	GlobalSection(ProjectConfigurationPlatforms) = postSolution
		{342D2776-0913-4C51-814D-A14F362BB640}.Debug|Any CPU.ActiveCfg = Debug|Any CPU
		{342D2776-0913-4C51-814D-A14F362BB640}.Debug|Any CPU.Build.0 = Debug|Any CPU
		{342D2776-0913-4C51-814D-A14F362BB640}.Release|Any CPU.ActiveCfg = Release|Any CPU
		{342D2776-0913-4C51-814D-A14F362BB640}.Release|Any CPU.Build.0 = Release|Any CPU
	EndGlobalSection
	GlobalSection(SolutionProperties) = preSolution
		HideSolutionNode = FALSE
	EndGlobalSection
	GlobalSection(ExtensibilityGlobals) = postSolution
		SolutionGuid = {4CA6A5BC-9BA0-4BB8-B18D-7AABC6607A19}
	EndGlobalSection
EndGlobal
